
Microsoft Visual Studio Solution File, Format Version 12.00
# Visual Studio Version 17
VisualStudioVersion = 17.14.36109.1
MinimumVisualStudioVersion = 10.0.40219.1
Project("{FAE04EC0-301F-11D3-BF4B-00C04F79EFBC}") = "Leagueinator", "Leagueinator.csproj", "{1B830DF6-721D-4F72-B8A0-4034C8AD5B58}"
EndProject
Global
	GlobalSection(SolutionConfigurationPlatforms) = preSolution
		Debug|Any CPU = Debug|Any CPU
		Release|Any CPU = Release|Any CPU
	EndGlobalSection
	GlobalSection(ProjectConfigurationPlatforms) = postSolution
		{1B830DF6-721D-4F72-B8A0-4034C8AD5B58}.Debug|Any CPU.ActiveCfg = Debug|Any CPU
		{1B830DF6-721D-4F72-B8A0-4034C8AD5B58}.Debug|Any CPU.Build.0 = Debug|Any CPU
		{1B830DF6-721D-4F72-B8A0-4034C8AD5B58}.Release|Any CPU.ActiveCfg = Release|Any CPU
		{1B830DF6-721D-4F72-B8A0-4034C8AD5B58}.Release|Any CPU.Build.0 = Release|Any CPU
	EndGlobalSection
	GlobalSection(SolutionProperties) = preSolution
		HideSolutionNode = FALSE
	EndGlobalSection
	GlobalSection(ExtensibilityGlobals) = postSolution
		SolutionGuid = {05987AC3-5CD3-4475-9674-DC4E4DB38698}
	EndGlobalSection
EndGlobal
