
Microsoft Visual Studio Solution File, Format Version 12.00
# Visual Studio Version 17
VisualStudioVersion = 17.14.36221.1 d17.14
MinimumVisualStudioVersion = 10.0.40219.1
Project("{FAE04EC0-301F-11D3-BF4B-00C04F79EFBC}") = "WpfApp1", "WpfApp1.csproj", "{C627449B-5CF6-43DC-B45C-FEF3909AD8A5}"
EndProject
Global
	GlobalSection(SolutionConfigurationPlatforms) = preSolution
		Debug|Any CPU = Debug|Any CPU
		Release|Any CPU = Release|Any CPU
	EndGlobalSection
	GlobalSection(ProjectConfigurationPlatforms) = postSolution
		{C627449B-5CF6-43DC-B45C-FEF3909AD8A5}.Debug|Any CPU.ActiveCfg = Debug|Any CPU
		{C627449B-5CF6-43DC-B45C-FEF3909AD8A5}.Debug|Any CPU.Build.0 = Debug|Any CPU
		{C627449B-5CF6-43DC-B45C-FEF3909AD8A5}.Release|Any CPU.ActiveCfg = Release|Any CPU
		{C627449B-5CF6-43DC-B45C-FEF3909AD8A5}.Release|Any CPU.Build.0 = Release|Any CPU
	EndGlobalSection
	GlobalSection(SolutionProperties) = preSolution
		HideSolutionNode = FALSE
	EndGlobalSection
	GlobalSection(ExtensibilityGlobals) = postSolution
		SolutionGuid = {23162267-9BF4-409A-9180-D4CCAD92F0C5}
	EndGlobalSection
EndGlobal
